
Microsoft Visual Studio Solution File, Format Version 12.00
# Visual Studio Version 16
VisualStudioVersion = 16.0.33214.272
MinimumVisualStudioVersion = 10.0.40219.1
Project("{FAE04EC0-301F-11D3-BF4B-00C04F79EFBC}") = "api_server", "api_server\api_server.csproj", "{0F6E3D6D-7A71-45B2-92D8-BC03DEC35A0C}"
EndProject
Global
	GlobalSection(SolutionConfigurationPlatforms) = preSolution
		Debug|Any CPU = Debug|Any CPU
		Release|Any CPU = Release|Any CPU
	EndGlobalSection
	GlobalSection(ProjectConfigurationPlatforms) = postSolution
		{0F6E3D6D-7A71-45B2-92D8-BC03DEC35A0C}.Debug|Any CPU.ActiveCfg = Debug|Any CPU
		{0F6E3D6D-7A71-45B2-92D8-BC03DEC35A0C}.Debug|Any CPU.Build.0 = Debug|Any CPU
		{0F6E3D6D-7A71-45B2-92D8-BC03DEC35A0C}.Release|Any CPU.ActiveCfg = Release|Any CPU
		{0F6E3D6D-7A71-45B2-92D8-BC03DEC35A0C}.Release|Any CPU.Build.0 = Release|Any CPU
	EndGlobalSection
	GlobalSection(SolutionProperties) = preSolution
		HideSolutionNode = FALSE
	EndGlobalSection
	GlobalSection(ExtensibilityGlobals) = postSolution
		SolutionGuid = {61CA7AAE-E9A9-4678-AA48-EAC8F7319883}
	EndGlobalSection
EndGlobal
